
Microsoft Visual Studio Solution File, Format Version 12.00
# Visual Studio 15
VisualStudioVersion = 15.0.27428.2043
MinimumVisualStudioVersion = 10.0.40219.1
Project("{FAE04EC0-301F-11D3-BF4B-00C04F79EFBC}") = "PalladiumRecords", "PalladiumRecords\PalladiumRecords.csproj", "{8E50D672-7768-4C99-8C21-D760E804CF54}"
EndProject
Global
	GlobalSection(SolutionConfigurationPlatforms) = preSolution
		Debug|Any CPU = Debug|Any CPU
		Release|Any CPU = Release|Any CPU
	EndGlobalSection
	GlobalSection(ProjectConfigurationPlatforms) = postSolution
		{8E50D672-7768-4C99-8C21-D760E804CF54}.Debug|Any CPU.ActiveCfg = Debug|Any CPU
		{8E50D672-7768-4C99-8C21-D760E804CF54}.Debug|Any CPU.Build.0 = Debug|Any CPU
		{8E50D672-7768-4C99-8C21-D760E804CF54}.Release|Any CPU.ActiveCfg = Release|Any CPU
		{8E50D672-7768-4C99-8C21-D760E804CF54}.Release|Any CPU.Build.0 = Release|Any CPU
	EndGlobalSection
	GlobalSection(SolutionProperties) = preSolution
		HideSolutionNode = FALSE
	EndGlobalSection
	GlobalSection(ExtensibilityGlobals) = postSolution
		SolutionGuid = {10E55E40-2CFE-4E3B-8ECA-40BADA7ECD85}
	EndGlobalSection
EndGlobal
